
Microsoft Visual Studio Solution File, Format Version 12.00
# Visual Studio Version 16
VisualStudioVersion = 16.0.31624.102
MinimumVisualStudioVersion = 10.0.40219.1
Project("{FAE04EC0-301F-11D3-BF4B-00C04F79EFBC}") = "IdentityServerAPI", "IdentityServerAPI\IdentityServerAPI.csproj", "{745A163F-BCD0-4DFD-8C63-DA0BDCBD2AC3}"
EndProject
Global
	GlobalSection(SolutionConfigurationPlatforms) = preSolution
		Debug|Any CPU = Debug|Any CPU
		Release|Any CPU = Release|Any CPU
	EndGlobalSection
	GlobalSection(ProjectConfigurationPlatforms) = postSolution
		{745A163F-BCD0-4DFD-8C63-DA0BDCBD2AC3}.Debug|Any CPU.ActiveCfg = Debug|Any CPU
		{745A163F-BCD0-4DFD-8C63-DA0BDCBD2AC3}.Debug|Any CPU.Build.0 = Debug|Any CPU
		{745A163F-BCD0-4DFD-8C63-DA0BDCBD2AC3}.Release|Any CPU.ActiveCfg = Release|Any CPU
		{745A163F-BCD0-4DFD-8C63-DA0BDCBD2AC3}.Release|Any CPU.Build.0 = Release|Any CPU
	EndGlobalSection
	GlobalSection(SolutionProperties) = preSolution
		HideSolutionNode = FALSE
	EndGlobalSection
	GlobalSection(ExtensibilityGlobals) = postSolution
		SolutionGuid = {92D428AE-9288-42C5-9A67-ED838144F84D}
	EndGlobalSection
EndGlobal
